<?xml version="1.0" encoding="utf-8"?>
<Project ToolsVersion="4.0" xmlns="http://schemas.microsoft.com/developer/msbuild/2003">
  <ItemGroup>
    <Filter Include="ソースファイル">
      <UniqueIdentifier>{006bedb2-d019-4624-b209-f729f0042793}</UniqueIdentifier>
    </Filter>
    <Filter Include="ヘッダーファイル">
      <UniqueIdentifier>{4cb8d3f3-0c4e-481f-a01b-e9427d99d359}</UniqueIdentifier>
    </Filter>
    <Filter Include="リソースファイル">
      <UniqueIdentifier>{3648cea4-f94d-4862-b1ab-fea19ddd3b21}</UniqueIdentifier>
    </Filter>
  </ItemGroup>
  <ItemGroup>
    <ClCompile Include="main.cpp">
      <Filter>ソースファイル</Filter>
    </ClCompile>
  </ItemGroup>
</Project>